
Microsoft Visual Studio Solution File, Format Version 12.00
# Visual Studio 15
VisualStudioVersion = 15.0.27703.2000
MinimumVisualStudioVersion = 10.0.40219.1
Project("{FAE04EC0-301F-11D3-BF4B-00C04F79EFBC}") = "LersMobile.Android", "LersMobile\LersMobile.Android\LersMobile.Android.csproj", "{DEE93B68-C071-4E50-8EB1-03739CF986AC}"
EndProject
Project("{D954291E-2A0B-460D-934E-DC6B0785DB48}") = "LersMobile", "LersMobile\LersMobile\LersMobile.shproj", "{62D5C7D1-CDC9-4AC6-9836-D7C9073AC6FD}"
EndProject
Project("{2150E333-8FDC-42A3-9474-1A3956D46DE8}") = "Lers", "Lers", "{763B3EF6-0D06-42D3-A09E-5FF5767408BF}"
EndProject
Project("{2150E333-8FDC-42A3-9474-1A3956D46DE8}") = "Core", "Core", "{CE47920E-69A6-4817-BA91-E5026E86E6D6}"
EndProject
Project("{2150E333-8FDC-42A3-9474-1A3956D46DE8}") = "Framework", "Framework", "{482A6F21-58D4-407C-8F80-5EA3A766F388}"
EndProject
Project("{9A19103F-16F7-4668-BE54-9A1E7A4F7556}") = "Lers.System.ns", "..\..\LersUchet\Framework\Lers.System\Lers.System.ns.csproj", "{F98B46DC-FFE8-4893-8DF5-648685AD7C50}"
EndProject
Project("{9A19103F-16F7-4668-BE54-9A1E7A4F7556}") = "Lers.Core.ns", "..\..\LersUchet\LersCore\Lers.Core\Lers.Core.ns.csproj", "{3635FC21-A9E0-42B6-A908-F9844FDE9578}"
EndProject
Project("{9A19103F-16F7-4668-BE54-9A1E7A4F7556}") = "Lers.Proto.ns", "..\..\LersUchet\LersCore\Lers.Proto\Lers.Proto.ns.csproj", "{68B5DC05-750C-41CA-ADBD-C7A965B6FC45}"
EndProject
Project("{9A19103F-16F7-4668-BE54-9A1E7A4F7556}") = "Lers.Serialization.ns", "..\..\LersUchet\LersCore\Lers.Serialization\Lers.Serialization.ns.csproj", "{A66F7B2E-149C-400D-9B64-0EEBBAD9E22E}"
EndProject
Project("{9A19103F-16F7-4668-BE54-9A1E7A4F7556}") = "Lers.Utils.ns", "..\..\LersUchet\LersCore\Lers.Utils\Lers.Utils.ns.csproj", "{BF54064F-F775-4CA2-8D8D-1806D3B8EAFB}"
EndProject
Project("{9A19103F-16F7-4668-BE54-9A1E7A4F7556}") = "Lers.Reports.ns", "..\..\LersUchet\Framework\Lers.Reports\Lers.Reports.ns.csproj", "{5D0956D6-4721-4200-AC8C-E40D7B2D0755}"
EndProject
Project("{2150E333-8FDC-42A3-9474-1A3956D46DE8}") = "TelemetryClient", "TelemetryClient", "{AE3E7605-2825-4C94-AF48-21ADC438057C}"
EndProject
Project("{9A19103F-16F7-4668-BE54-9A1E7A4F7556}") = "TelemetryClient.ns", "..\..\LersUchet\TelemetryClient\TelemetryClient\TelemetryClient.ns.csproj", "{1D8C98FD-DAE0-48F5-B380-C8D623A2A2B4}"
EndProject
Global
	GlobalSection(SharedMSBuildProjectFiles) = preSolution
		LersMobile\LersMobile\LersMobile.projitems*{62d5c7d1-cdc9-4ac6-9836-d7c9073ac6fd}*SharedItemsImports = 13
		LersMobile\LersMobile\LersMobile.projitems*{dee93b68-c071-4e50-8eb1-03739cf986ac}*SharedItemsImports = 4
	EndGlobalSection
	GlobalSection(SolutionConfigurationPlatforms) = preSolution
		Debug|Any CPU = Debug|Any CPU
		Debug|x64 = Debug|x64
		Debug|x86 = Debug|x86
		Deploy|Any CPU = Deploy|Any CPU
		Deploy|x64 = Deploy|x64
		Deploy|x86 = Deploy|x86
		Release|Any CPU = Release|Any CPU
		Release|x64 = Release|x64
		Release|x86 = Release|x86
	EndGlobalSection
	GlobalSection(ProjectConfigurationPlatforms) = postSolution
		{DEE93B68-C071-4E50-8EB1-03739CF986AC}.Debug|Any CPU.ActiveCfg = Debug|Any CPU
		{DEE93B68-C071-4E50-8EB1-03739CF986AC}.Debug|Any CPU.Build.0 = Debug|Any CPU
		{DEE93B68-C071-4E50-8EB1-03739CF986AC}.Debug|Any CPU.Deploy.0 = Debug|Any CPU
		{DEE93B68-C071-4E50-8EB1-03739CF986AC}.Debug|x64.ActiveCfg = Debug|Any CPU
		{DEE93B68-C071-4E50-8EB1-03739CF986AC}.Debug|x64.Build.0 = Debug|Any CPU
		{DEE93B68-C071-4E50-8EB1-03739CF986AC}.Debug|x64.Deploy.0 = Debug|Any CPU
		{DEE93B68-C071-4E50-8EB1-03739CF986AC}.Debug|x86.ActiveCfg = Debug|Any CPU
		{DEE93B68-C071-4E50-8EB1-03739CF986AC}.Debug|x86.Build.0 = Debug|Any CPU
		{DEE93B68-C071-4E50-8EB1-03739CF986AC}.Debug|x86.Deploy.0 = Debug|Any CPU
		{DEE93B68-C071-4E50-8EB1-03739CF986AC}.Deploy|Any CPU.ActiveCfg = Debug|Any CPU
		{DEE93B68-C071-4E50-8EB1-03739CF986AC}.Deploy|Any CPU.Build.0 = Debug|Any CPU
		{DEE93B68-C071-4E50-8EB1-03739CF986AC}.Deploy|Any CPU.Deploy.0 = Debug|Any CPU
		{DEE93B68-C071-4E50-8EB1-03739CF986AC}.Deploy|x64.ActiveCfg = Debug|Any CPU
		{DEE93B68-C071-4E50-8EB1-03739CF986AC}.Deploy|x64.Build.0 = Debug|Any CPU
		{DEE93B68-C071-4E50-8EB1-03739CF986AC}.Deploy|x64.Deploy.0 = Debug|Any CPU
		{DEE93B68-C071-4E50-8EB1-03739CF986AC}.Deploy|x86.ActiveCfg = Debug|Any CPU
		{DEE93B68-C071-4E50-8EB1-03739CF986AC}.Deploy|x86.Build.0 = Debug|Any CPU
		{DEE93B68-C071-4E50-8EB1-03739CF986AC}.Deploy|x86.Deploy.0 = Debug|Any CPU
		{DEE93B68-C071-4E50-8EB1-03739CF986AC}.Release|Any CPU.ActiveCfg = Release|Any CPU
		{DEE93B68-C071-4E50-8EB1-03739CF986AC}.Release|Any CPU.Build.0 = Release|Any CPU
		{DEE93B68-C071-4E50-8EB1-03739CF986AC}.Release|Any CPU.Deploy.0 = Release|Any CPU
		{DEE93B68-C071-4E50-8EB1-03739CF986AC}.Release|x64.ActiveCfg = Release|Any CPU
		{DEE93B68-C071-4E50-8EB1-03739CF986AC}.Release|x64.Build.0 = Release|Any CPU
		{DEE93B68-C071-4E50-8EB1-03739CF986AC}.Release|x64.Deploy.0 = Release|Any CPU
		{DEE93B68-C071-4E50-8EB1-03739CF986AC}.Release|x86.ActiveCfg = Release|Any CPU
		{DEE93B68-C071-4E50-8EB1-03739CF986AC}.Release|x86.Build.0 = Release|Any CPU
		{DEE93B68-C071-4E50-8EB1-03739CF986AC}.Release|x86.Deploy.0 = Release|Any CPU
		{F98B46DC-FFE8-4893-8DF5-648685AD7C50}.Debug|Any CPU.ActiveCfg = Debug|Any CPU
		{F98B46DC-FFE8-4893-8DF5-648685AD7C50}.Debug|Any CPU.Build.0 = Debug|Any CPU
		{F98B46DC-FFE8-4893-8DF5-648685AD7C50}.Debug|x64.ActiveCfg = Debug|Any CPU
		{F98B46DC-FFE8-4893-8DF5-648685AD7C50}.Debug|x64.Build.0 = Debug|Any CPU
		{F98B46DC-FFE8-4893-8DF5-648685AD7C50}.Debug|x86.ActiveCfg = Debug|Any CPU
		{F98B46DC-FFE8-4893-8DF5-648685AD7C50}.Debug|x86.Build.0 = Debug|Any CPU
		{F98B46DC-FFE8-4893-8DF5-648685AD7C50}.Deploy|Any CPU.ActiveCfg = Debug|Any CPU
		{F98B46DC-FFE8-4893-8DF5-648685AD7C50}.Deploy|Any CPU.Build.0 = Debug|Any CPU
		{F98B46DC-FFE8-4893-8DF5-648685AD7C50}.Deploy|x64.ActiveCfg = Debug|Any CPU
		{F98B46DC-FFE8-4893-8DF5-648685AD7C50}.Deploy|x64.Build.0 = Debug|Any CPU
		{F98B46DC-FFE8-4893-8DF5-648685AD7C50}.Deploy|x86.ActiveCfg = Debug|Any CPU
		{F98B46DC-FFE8-4893-8DF5-648685AD7C50}.Deploy|x86.Build.0 = Debug|Any CPU
		{F98B46DC-FFE8-4893-8DF5-648685AD7C50}.Release|Any CPU.ActiveCfg = Release|Any CPU
		{F98B46DC-FFE8-4893-8DF5-648685AD7C50}.Release|Any CPU.Build.0 = Release|Any CPU
		{F98B46DC-FFE8-4893-8DF5-648685AD7C50}.Release|x64.ActiveCfg = Release|Any CPU
		{F98B46DC-FFE8-4893-8DF5-648685AD7C50}.Release|x64.Build.0 = Release|Any CPU
		{F98B46DC-FFE8-4893-8DF5-648685AD7C50}.Release|x86.ActiveCfg = Release|Any CPU
		{F98B46DC-FFE8-4893-8DF5-648685AD7C50}.Release|x86.Build.0 = Release|Any CPU
		{3635FC21-A9E0-42B6-A908-F9844FDE9578}.Debug|Any CPU.ActiveCfg = Debug|Any CPU
		{3635FC21-A9E0-42B6-A908-F9844FDE9578}.Debug|Any CPU.Build.0 = Debug|Any CPU
		{3635FC21-A9E0-42B6-A908-F9844FDE9578}.Debug|x64.ActiveCfg = Debug|Any CPU
		{3635FC21-A9E0-42B6-A908-F9844FDE9578}.Debug|x64.Build.0 = Debug|Any CPU
		{3635FC21-A9E0-42B6-A908-F9844FDE9578}.Debug|x86.ActiveCfg = Debug|Any CPU
		{3635FC21-A9E0-42B6-A908-F9844FDE9578}.Debug|x86.Build.0 = Debug|Any CPU
		{3635FC21-A9E0-42B6-A908-F9844FDE9578}.Deploy|Any CPU.ActiveCfg = Debug|Any CPU
		{3635FC21-A9E0-42B6-A908-F9844FDE9578}.Deploy|Any CPU.Build.0 = Debug|Any CPU
		{3635FC21-A9E0-42B6-A908-F9844FDE9578}.Deploy|x64.ActiveCfg = Debug|Any CPU
		{3635FC21-A9E0-42B6-A908-F9844FDE9578}.Deploy|x64.Build.0 = Debug|Any CPU
		{3635FC21-A9E0-42B6-A908-F9844FDE9578}.Deploy|x86.ActiveCfg = Debug|Any CPU
		{3635FC21-A9E0-42B6-A908-F9844FDE9578}.Deploy|x86.Build.0 = Debug|Any CPU
		{3635FC21-A9E0-42B6-A908-F9844FDE9578}.Release|Any CPU.ActiveCfg = Release|Any CPU
		{3635FC21-A9E0-42B6-A908-F9844FDE9578}.Release|Any CPU.Build.0 = Release|Any CPU
		{3635FC21-A9E0-42B6-A908-F9844FDE9578}.Release|x64.ActiveCfg = Release|Any CPU
		{3635FC21-A9E0-42B6-A908-F9844FDE9578}.Release|x64.Build.0 = Release|Any CPU
		{3635FC21-A9E0-42B6-A908-F9844FDE9578}.Release|x86.ActiveCfg = Release|Any CPU
		{3635FC21-A9E0-42B6-A908-F9844FDE9578}.Release|x86.Build.0 = Release|Any CPU
		{68B5DC05-750C-41CA-ADBD-C7A965B6FC45}.Debug|Any CPU.ActiveCfg = Debug|Any CPU
		{68B5DC05-750C-41CA-ADBD-C7A965B6FC45}.Debug|Any CPU.Build.0 = Debug|Any CPU
		{68B5DC05-750C-41CA-ADBD-C7A965B6FC45}.Debug|x64.ActiveCfg = Debug|Any CPU
		{68B5DC05-750C-41CA-ADBD-C7A965B6FC45}.Debug|x64.Build.0 = Debug|Any CPU
		{68B5DC05-750C-41CA-ADBD-C7A965B6FC45}.Debug|x86.ActiveCfg = Debug|Any CPU
		{68B5DC05-750C-41CA-ADBD-C7A965B6FC45}.Debug|x86.Build.0 = Debug|Any CPU
		{68B5DC05-750C-41CA-ADBD-C7A965B6FC45}.Deploy|Any CPU.ActiveCfg = Debug|Any CPU
		{68B5DC05-750C-41CA-ADBD-C7A965B6FC45}.Deploy|Any CPU.Build.0 = Debug|Any CPU
		{68B5DC05-750C-41CA-ADBD-C7A965B6FC45}.Deploy|x64.ActiveCfg = Debug|Any CPU
		{68B5DC05-750C-41CA-ADBD-C7A965B6FC45}.Deploy|x64.Build.0 = Debug|Any CPU
		{68B5DC05-750C-41CA-ADBD-C7A965B6FC45}.Deploy|x86.ActiveCfg = Debug|Any CPU
		{68B5DC05-750C-41CA-ADBD-C7A965B6FC45}.Deploy|x86.Build.0 = Debug|Any CPU
		{68B5DC05-750C-41CA-ADBD-C7A965B6FC45}.Release|Any CPU.ActiveCfg = Release|Any CPU
		{68B5DC05-750C-41CA-ADBD-C7A965B6FC45}.Release|Any CPU.Build.0 = Release|Any CPU
		{68B5DC05-750C-41CA-ADBD-C7A965B6FC45}.Release|x64.ActiveCfg = Release|Any CPU
		{68B5DC05-750C-41CA-ADBD-C7A965B6FC45}.Release|x64.Build.0 = Release|Any CPU
		{68B5DC05-750C-41CA-ADBD-C7A965B6FC45}.Release|x86.ActiveCfg = Release|Any CPU
		{68B5DC05-750C-41CA-ADBD-C7A965B6FC45}.Release|x86.Build.0 = Release|Any CPU
		{A66F7B2E-149C-400D-9B64-0EEBBAD9E22E}.Debug|Any CPU.ActiveCfg = Debug|Any CPU
		{A66F7B2E-149C-400D-9B64-0EEBBAD9E22E}.Debug|Any CPU.Build.0 = Debug|Any CPU
		{A66F7B2E-149C-400D-9B64-0EEBBAD9E22E}.Debug|x64.ActiveCfg = Debug|Any CPU
		{A66F7B2E-149C-400D-9B64-0EEBBAD9E22E}.Debug|x64.Build.0 = Debug|Any CPU
		{A66F7B2E-149C-400D-9B64-0EEBBAD9E22E}.Debug|x86.ActiveCfg = Debug|Any CPU
		{A66F7B2E-149C-400D-9B64-0EEBBAD9E22E}.Debug|x86.Build.0 = Debug|Any CPU
		{A66F7B2E-149C-400D-9B64-0EEBBAD9E22E}.Deploy|Any CPU.ActiveCfg = Debug|Any CPU
		{A66F7B2E-149C-400D-9B64-0EEBBAD9E22E}.Deploy|Any CPU.Build.0 = Debug|Any CPU
		{A66F7B2E-149C-400D-9B64-0EEBBAD9E22E}.Deploy|x64.ActiveCfg = Debug|Any CPU
		{A66F7B2E-149C-400D-9B64-0EEBBAD9E22E}.Deploy|x64.Build.0 = Debug|Any CPU
		{A66F7B2E-149C-400D-9B64-0EEBBAD9E22E}.Deploy|x86.ActiveCfg = Debug|Any CPU
		{A66F7B2E-149C-400D-9B64-0EEBBAD9E22E}.Deploy|x86.Build.0 = Debug|Any CPU
		{A66F7B2E-149C-400D-9B64-0EEBBAD9E22E}.Release|Any CPU.ActiveCfg = Release|Any CPU
		{A66F7B2E-149C-400D-9B64-0EEBBAD9E22E}.Release|Any CPU.Build.0 = Release|Any CPU
		{A66F7B2E-149C-400D-9B64-0EEBBAD9E22E}.Release|x64.ActiveCfg = Release|Any CPU
		{A66F7B2E-149C-400D-9B64-0EEBBAD9E22E}.Release|x64.Build.0 = Release|Any CPU
		{A66F7B2E-149C-400D-9B64-0EEBBAD9E22E}.Release|x86.ActiveCfg = Release|Any CPU
		{A66F7B2E-149C-400D-9B64-0EEBBAD9E22E}.Release|x86.Build.0 = Release|Any CPU
		{BF54064F-F775-4CA2-8D8D-1806D3B8EAFB}.Debug|Any CPU.ActiveCfg = Debug|Any CPU
		{BF54064F-F775-4CA2-8D8D-1806D3B8EAFB}.Debug|Any CPU.Build.0 = Debug|Any CPU
		{BF54064F-F775-4CA2-8D8D-1806D3B8EAFB}.Debug|x64.ActiveCfg = Debug|Any CPU
		{BF54064F-F775-4CA2-8D8D-1806D3B8EAFB}.Debug|x64.Build.0 = Debug|Any CPU
		{BF54064F-F775-4CA2-8D8D-1806D3B8EAFB}.Debug|x86.ActiveCfg = Debug|Any CPU
		{BF54064F-F775-4CA2-8D8D-1806D3B8EAFB}.Debug|x86.Build.0 = Debug|Any CPU
		{BF54064F-F775-4CA2-8D8D-1806D3B8EAFB}.Deploy|Any CPU.ActiveCfg = Debug|Any CPU
		{BF54064F-F775-4CA2-8D8D-1806D3B8EAFB}.Deploy|Any CPU.Build.0 = Debug|Any CPU
		{BF54064F-F775-4CA2-8D8D-1806D3B8EAFB}.Deploy|x64.ActiveCfg = Debug|Any CPU
		{BF54064F-F775-4CA2-8D8D-1806D3B8EAFB}.Deploy|x64.Build.0 = Debug|Any CPU
		{BF54064F-F775-4CA2-8D8D-1806D3B8EAFB}.Deploy|x86.ActiveCfg = Debug|Any CPU
		{BF54064F-F775-4CA2-8D8D-1806D3B8EAFB}.Deploy|x86.Build.0 = Debug|Any CPU
		{BF54064F-F775-4CA2-8D8D-1806D3B8EAFB}.Release|Any CPU.ActiveCfg = Release|Any CPU
		{BF54064F-F775-4CA2-8D8D-1806D3B8EAFB}.Release|Any CPU.Build.0 = Release|Any CPU
		{BF54064F-F775-4CA2-8D8D-1806D3B8EAFB}.Release|x64.ActiveCfg = Release|Any CPU
		{BF54064F-F775-4CA2-8D8D-1806D3B8EAFB}.Release|x64.Build.0 = Release|Any CPU
		{BF54064F-F775-4CA2-8D8D-1806D3B8EAFB}.Release|x86.ActiveCfg = Release|Any CPU
		{BF54064F-F775-4CA2-8D8D-1806D3B8EAFB}.Release|x86.Build.0 = Release|Any CPU
		{5D0956D6-4721-4200-AC8C-E40D7B2D0755}.Debug|Any CPU.ActiveCfg = Debug|Any CPU
		{5D0956D6-4721-4200-AC8C-E40D7B2D0755}.Debug|Any CPU.Build.0 = Debug|Any CPU
		{5D0956D6-4721-4200-AC8C-E40D7B2D0755}.Debug|x64.ActiveCfg = Debug|Any CPU
		{5D0956D6-4721-4200-AC8C-E40D7B2D0755}.Debug|x64.Build.0 = Debug|Any CPU
		{5D0956D6-4721-4200-AC8C-E40D7B2D0755}.Debug|x86.ActiveCfg = Debug|Any CPU
		{5D0956D6-4721-4200-AC8C-E40D7B2D0755}.Debug|x86.Build.0 = Debug|Any CPU
		{5D0956D6-4721-4200-AC8C-E40D7B2D0755}.Deploy|Any CPU.ActiveCfg = Debug|Any CPU
		{5D0956D6-4721-4200-AC8C-E40D7B2D0755}.Deploy|Any CPU.Build.0 = Debug|Any CPU
		{5D0956D6-4721-4200-AC8C-E40D7B2D0755}.Deploy|x64.ActiveCfg = Debug|Any CPU
		{5D0956D6-4721-4200-AC8C-E40D7B2D0755}.Deploy|x64.Build.0 = Debug|Any CPU
		{5D0956D6-4721-4200-AC8C-E40D7B2D0755}.Deploy|x86.ActiveCfg = Debug|Any CPU
		{5D0956D6-4721-4200-AC8C-E40D7B2D0755}.Deploy|x86.Build.0 = Debug|Any CPU
		{5D0956D6-4721-4200-AC8C-E40D7B2D0755}.Release|Any CPU.ActiveCfg = Release|Any CPU
		{5D0956D6-4721-4200-AC8C-E40D7B2D0755}.Release|Any CPU.Build.0 = Release|Any CPU
		{5D0956D6-4721-4200-AC8C-E40D7B2D0755}.Release|x64.ActiveCfg = Release|Any CPU
		{5D0956D6-4721-4200-AC8C-E40D7B2D0755}.Release|x64.Build.0 = Release|Any CPU
		{5D0956D6-4721-4200-AC8C-E40D7B2D0755}.Release|x86.ActiveCfg = Release|Any CPU
		{5D0956D6-4721-4200-AC8C-E40D7B2D0755}.Release|x86.Build.0 = Release|Any CPU
		{1D8C98FD-DAE0-48F5-B380-C8D623A2A2B4}.Debug|Any CPU.ActiveCfg = Debug|Any CPU
		{1D8C98FD-DAE0-48F5-B380-C8D623A2A2B4}.Debug|Any CPU.Build.0 = Debug|Any CPU
		{1D8C98FD-DAE0-48F5-B380-C8D623A2A2B4}.Debug|x64.ActiveCfg = Debug|Any CPU
		{1D8C98FD-DAE0-48F5-B380-C8D623A2A2B4}.Debug|x64.Build.0 = Debug|Any CPU
		{1D8C98FD-DAE0-48F5-B380-C8D623A2A2B4}.Debug|x86.ActiveCfg = Debug|Any CPU
		{1D8C98FD-DAE0-48F5-B380-C8D623A2A2B4}.Debug|x86.Build.0 = Debug|Any CPU
		{1D8C98FD-DAE0-48F5-B380-C8D623A2A2B4}.Deploy|Any CPU.ActiveCfg = Debug|Any CPU
		{1D8C98FD-DAE0-48F5-B380-C8D623A2A2B4}.Deploy|Any CPU.Build.0 = Debug|Any CPU
		{1D8C98FD-DAE0-48F5-B380-C8D623A2A2B4}.Deploy|x64.ActiveCfg = Debug|Any CPU
		{1D8C98FD-DAE0-48F5-B380-C8D623A2A2B4}.Deploy|x64.Build.0 = Debug|Any CPU
		{1D8C98FD-DAE0-48F5-B380-C8D623A2A2B4}.Deploy|x86.ActiveCfg = Debug|Any CPU
		{1D8C98FD-DAE0-48F5-B380-C8D623A2A2B4}.Deploy|x86.Build.0 = Debug|Any CPU
		{1D8C98FD-DAE0-48F5-B380-C8D623A2A2B4}.Release|Any CPU.ActiveCfg = Release|Any CPU
		{1D8C98FD-DAE0-48F5-B380-C8D623A2A2B4}.Release|Any CPU.Build.0 = Release|Any CPU
		{1D8C98FD-DAE0-48F5-B380-C8D623A2A2B4}.Release|x64.ActiveCfg = Release|Any CPU
		{1D8C98FD-DAE0-48F5-B380-C8D623A2A2B4}.Release|x64.Build.0 = Release|Any CPU
		{1D8C98FD-DAE0-48F5-B380-C8D623A2A2B4}.Release|x86.ActiveCfg = Release|Any CPU
		{1D8C98FD-DAE0-48F5-B380-C8D623A2A2B4}.Release|x86.Build.0 = Release|Any CPU
	EndGlobalSection
	GlobalSection(SolutionProperties) = preSolution
		HideSolutionNode = FALSE
	EndGlobalSection
	GlobalSection(NestedProjects) = preSolution
		{CE47920E-69A6-4817-BA91-E5026E86E6D6} = {763B3EF6-0D06-42D3-A09E-5FF5767408BF}
		{482A6F21-58D4-407C-8F80-5EA3A766F388} = {763B3EF6-0D06-42D3-A09E-5FF5767408BF}
		{F98B46DC-FFE8-4893-8DF5-648685AD7C50} = {482A6F21-58D4-407C-8F80-5EA3A766F388}
		{3635FC21-A9E0-42B6-A908-F9844FDE9578} = {CE47920E-69A6-4817-BA91-E5026E86E6D6}
		{68B5DC05-750C-41CA-ADBD-C7A965B6FC45} = {CE47920E-69A6-4817-BA91-E5026E86E6D6}
		{A66F7B2E-149C-400D-9B64-0EEBBAD9E22E} = {CE47920E-69A6-4817-BA91-E5026E86E6D6}
		{BF54064F-F775-4CA2-8D8D-1806D3B8EAFB} = {CE47920E-69A6-4817-BA91-E5026E86E6D6}
		{5D0956D6-4721-4200-AC8C-E40D7B2D0755} = {482A6F21-58D4-407C-8F80-5EA3A766F388}
		{AE3E7605-2825-4C94-AF48-21ADC438057C} = {763B3EF6-0D06-42D3-A09E-5FF5767408BF}
		{1D8C98FD-DAE0-48F5-B380-C8D623A2A2B4} = {AE3E7605-2825-4C94-AF48-21ADC438057C}
	EndGlobalSection
	GlobalSection(ExtensibilityGlobals) = postSolution
		SolutionGuid = {2EEE88FA-D225-446B-AC5E-C8A07024397B}
	EndGlobalSection
EndGlobal
